# This file is generated by aru.
version = 3
package-input-hash = "sha256:b2ee3d105e245d609747ae324ab972012f489214ff880a8be75fd24fcc07a965"
projection-input-hash = "sha256:facb10153ed55075a56d46d622e659a396f9ca52d2f98206de6dd4a58dc8ffc3"

[[skill-package]]
source = "git+https://github.com/narumiruna/skills.git"
requirement = "version:*"
version = "0.9.1"
revision = "d3791b21e242aa7d6dcba1f7ff8e7accb3ee08fb"
repository-name = "skills"
targets = ["pi"]

[[skill-package.skills]]
name = "creating-agent-skills"
path = "skills/workflow-repository/creating-agent-skills"
sha256 = "sha256:184039a74f12dd15f4ccb9630a8a6d0dd36c65ee324cb4d0329cef7a68bfd905"

[[skill-package.skills]]
name = "writing-plans"
path = "skills/writing-research/writing-plans"
sha256 = "sha256:c0cb4805e3fa4feb78471f403a9aff2df740138217dda3ab1d89f84ec36b436b"

[[projection-baseline]]
target = "pi"
kind = "skill"
key = "creating-agent-skills"
sha256 = "sha256:184039a74f12dd15f4ccb9630a8a6d0dd36c65ee324cb4d0329cef7a68bfd905"

[[projection-baseline]]
target = "pi"
kind = "skill"
key = "writing-plans"
sha256 = "sha256:c0cb4805e3fa4feb78471f403a9aff2df740138217dda3ab1d89f84ec36b436b"
